
Microsoft Visual Studio Solution File, Format Version 12.00
# Visual Studio 14
VisualStudioVersion = 14.0.25420.1
MinimumVisualStudioVersion = 10.0.40219.1
Project("{FAE04EC0-301F-11D3-BF4B-00C04F79EFBC}") = "DataCollectionApp", "DataCollectionApp\DataCollectionApp.csproj", "{70EE37EA-BFAF-4344-9053-E50FA10DF5D1}"
EndProject
Project("{FAE04EC0-301F-11D3-BF4B-00C04F79EFBC}") = "DataCollectionModel", "DataCollectionModel\DataCollectionModel.csproj", "{9C15AE3E-4701-4BCE-962D-AC5B662D98BA}"
EndProject
Project("{FAE04EC0-301F-11D3-BF4B-00C04F79EFBC}") = "WebApplication1", "WebApplication1\WebApplication1.csproj", "{3777F9C1-845F-4C53-B168-9B4796335CA5}"
EndProject
Global
	GlobalSection(SolutionConfigurationPlatforms) = preSolution
		Debug|Any CPU = Debug|Any CPU
		Release|Any CPU = Release|Any CPU
	EndGlobalSection
	GlobalSection(ProjectConfigurationPlatforms) = postSolution
		{70EE37EA-BFAF-4344-9053-E50FA10DF5D1}.Debug|Any CPU.ActiveCfg = Debug|Any CPU
		{70EE37EA-BFAF-4344-9053-E50FA10DF5D1}.Debug|Any CPU.Build.0 = Debug|Any CPU
		{70EE37EA-BFAF-4344-9053-E50FA10DF5D1}.Release|Any CPU.ActiveCfg = Release|Any CPU
		{70EE37EA-BFAF-4344-9053-E50FA10DF5D1}.Release|Any CPU.Build.0 = Release|Any CPU
		{9C15AE3E-4701-4BCE-962D-AC5B662D98BA}.Debug|Any CPU.ActiveCfg = Debug|Any CPU
		{9C15AE3E-4701-4BCE-962D-AC5B662D98BA}.Debug|Any CPU.Build.0 = Debug|Any CPU
		{9C15AE3E-4701-4BCE-962D-AC5B662D98BA}.Release|Any CPU.ActiveCfg = Release|Any CPU
		{9C15AE3E-4701-4BCE-962D-AC5B662D98BA}.Release|Any CPU.Build.0 = Release|Any CPU
		{3777F9C1-845F-4C53-B168-9B4796335CA5}.Debug|Any CPU.ActiveCfg = Debug|Any CPU
		{3777F9C1-845F-4C53-B168-9B4796335CA5}.Debug|Any CPU.Build.0 = Debug|Any CPU
		{3777F9C1-845F-4C53-B168-9B4796335CA5}.Release|Any CPU.ActiveCfg = Release|Any CPU
		{3777F9C1-845F-4C53-B168-9B4796335CA5}.Release|Any CPU.Build.0 = Release|Any CPU
	EndGlobalSection
	GlobalSection(SolutionProperties) = preSolution
		HideSolutionNode = FALSE
	EndGlobalSection
EndGlobal
